
Microsoft Visual Studio Solution File, Format Version 12.00
# Visual Studio Express 2013 for Windows Desktop
VisualStudioVersion = 12.0.31101.0
MinimumVisualStudioVersion = 10.0.40219.1
Project("{FAE04EC0-301F-11D3-BF4B-00C04F79EFBC}") = "InterfaceBlackJackWPF", "InterfaceBlackJackWPF\InterfaceBlackJackWPF.csproj", "{58E12B92-4D99-40E5-AF95-0E0C2C339EC6}"
EndProject
Project("{2150E333-8FDC-42A3-9474-1A3956D46DE8}") = "Solution Items", "Solution Items", "{7498943B-AD22-4F31-8E77-96950733BFDB}"
	ProjectSection(SolutionItems) = preProject
		..\InterfaceBlackJack\InterfaceBlackJack\card\card0_0.png = ..\InterfaceBlackJack\InterfaceBlackJack\card\card0_0.png
		..\InterfaceBlackJack\InterfaceBlackJack\card\card0_1.png = ..\InterfaceBlackJack\InterfaceBlackJack\card\card0_1.png
		..\InterfaceBlackJack\InterfaceBlackJack\card\card0_2.png = ..\InterfaceBlackJack\InterfaceBlackJack\card\card0_2.png
		..\InterfaceBlackJack\InterfaceBlackJack\card\card0_3.png = ..\InterfaceBlackJack\InterfaceBlackJack\card\card0_3.png
		..\InterfaceBlackJack\InterfaceBlackJack\card\card10_0.png = ..\InterfaceBlackJack\InterfaceBlackJack\card\card10_0.png
		..\InterfaceBlackJack\InterfaceBlackJack\card\card10_1.png = ..\InterfaceBlackJack\InterfaceBlackJack\card\card10_1.png
		..\InterfaceBlackJack\InterfaceBlackJack\card\card10_2.png = ..\InterfaceBlackJack\InterfaceBlackJack\card\card10_2.png
		..\InterfaceBlackJack\InterfaceBlackJack\card\card10_3.png = ..\InterfaceBlackJack\InterfaceBlackJack\card\card10_3.png
		..\InterfaceBlackJack\InterfaceBlackJack\card\card11_0.png = ..\InterfaceBlackJack\InterfaceBlackJack\card\card11_0.png
		..\InterfaceBlackJack\InterfaceBlackJack\card\card11_1.png = ..\InterfaceBlackJack\InterfaceBlackJack\card\card11_1.png
		..\InterfaceBlackJack\InterfaceBlackJack\card\card11_2.png = ..\InterfaceBlackJack\InterfaceBlackJack\card\card11_2.png
		..\InterfaceBlackJack\InterfaceBlackJack\card\card11_3.png = ..\InterfaceBlackJack\InterfaceBlackJack\card\card11_3.png
		..\InterfaceBlackJack\InterfaceBlackJack\card\card12_0.png = ..\InterfaceBlackJack\InterfaceBlackJack\card\card12_0.png
		..\InterfaceBlackJack\InterfaceBlackJack\card\card12_1.png = ..\InterfaceBlackJack\InterfaceBlackJack\card\card12_1.png
		..\InterfaceBlackJack\InterfaceBlackJack\card\card12_2.png = ..\InterfaceBlackJack\InterfaceBlackJack\card\card12_2.png
		..\InterfaceBlackJack\InterfaceBlackJack\card\card12_3.png = ..\InterfaceBlackJack\InterfaceBlackJack\card\card12_3.png
		..\InterfaceBlackJack\InterfaceBlackJack\card\card1_0.png = ..\InterfaceBlackJack\InterfaceBlackJack\card\card1_0.png
		..\InterfaceBlackJack\InterfaceBlackJack\card\card1_1.png = ..\InterfaceBlackJack\InterfaceBlackJack\card\card1_1.png
		..\InterfaceBlackJack\InterfaceBlackJack\card\card1_2.png = ..\InterfaceBlackJack\InterfaceBlackJack\card\card1_2.png
		..\InterfaceBlackJack\InterfaceBlackJack\card\card1_3.png = ..\InterfaceBlackJack\InterfaceBlackJack\card\card1_3.png
		..\InterfaceBlackJack\InterfaceBlackJack\card\card2_0.png = ..\InterfaceBlackJack\InterfaceBlackJack\card\card2_0.png
		..\InterfaceBlackJack\InterfaceBlackJack\card\card2_1.png = ..\InterfaceBlackJack\InterfaceBlackJack\card\card2_1.png
		..\InterfaceBlackJack\InterfaceBlackJack\card\card2_2.png = ..\InterfaceBlackJack\InterfaceBlackJack\card\card2_2.png
		..\InterfaceBlackJack\InterfaceBlackJack\card\card2_3.png = ..\InterfaceBlackJack\InterfaceBlackJack\card\card2_3.png
		..\InterfaceBlackJack\InterfaceBlackJack\card\card3_0.png = ..\InterfaceBlackJack\InterfaceBlackJack\card\card3_0.png
		..\InterfaceBlackJack\InterfaceBlackJack\card\card3_1.png = ..\InterfaceBlackJack\InterfaceBlackJack\card\card3_1.png
		..\InterfaceBlackJack\InterfaceBlackJack\card\card3_2.png = ..\InterfaceBlackJack\InterfaceBlackJack\card\card3_2.png
		..\InterfaceBlackJack\InterfaceBlackJack\card\card3_3.png = ..\InterfaceBlackJack\InterfaceBlackJack\card\card3_3.png
		..\InterfaceBlackJack\InterfaceBlackJack\card\card4_0.png = ..\InterfaceBlackJack\InterfaceBlackJack\card\card4_0.png
		..\InterfaceBlackJack\InterfaceBlackJack\card\card4_1.png = ..\InterfaceBlackJack\InterfaceBlackJack\card\card4_1.png
		..\InterfaceBlackJack\InterfaceBlackJack\card\card4_2.png = ..\InterfaceBlackJack\InterfaceBlackJack\card\card4_2.png
		..\InterfaceBlackJack\InterfaceBlackJack\card\card4_3.png = ..\InterfaceBlackJack\InterfaceBlackJack\card\card4_3.png
		..\InterfaceBlackJack\InterfaceBlackJack\card\card5_0.png = ..\InterfaceBlackJack\InterfaceBlackJack\card\card5_0.png
		..\InterfaceBlackJack\InterfaceBlackJack\card\card5_1.png = ..\InterfaceBlackJack\InterfaceBlackJack\card\card5_1.png
		..\InterfaceBlackJack\InterfaceBlackJack\card\card5_2.png = ..\InterfaceBlackJack\InterfaceBlackJack\card\card5_2.png
		..\InterfaceBlackJack\InterfaceBlackJack\card\card5_3.png = ..\InterfaceBlackJack\InterfaceBlackJack\card\card5_3.png
		..\InterfaceBlackJack\InterfaceBlackJack\card\card6_0.png = ..\InterfaceBlackJack\InterfaceBlackJack\card\card6_0.png
		..\InterfaceBlackJack\InterfaceBlackJack\card\card6_1.png = ..\InterfaceBlackJack\InterfaceBlackJack\card\card6_1.png
		..\InterfaceBlackJack\InterfaceBlackJack\card\card6_2.png = ..\InterfaceBlackJack\InterfaceBlackJack\card\card6_2.png
		..\InterfaceBlackJack\InterfaceBlackJack\card\card6_3.png = ..\InterfaceBlackJack\InterfaceBlackJack\card\card6_3.png
		..\InterfaceBlackJack\InterfaceBlackJack\card\card7_0.png = ..\InterfaceBlackJack\InterfaceBlackJack\card\card7_0.png
		..\InterfaceBlackJack\InterfaceBlackJack\card\card7_1.png = ..\InterfaceBlackJack\InterfaceBlackJack\card\card7_1.png
		..\InterfaceBlackJack\InterfaceBlackJack\card\card7_2.png = ..\InterfaceBlackJack\InterfaceBlackJack\card\card7_2.png
		..\InterfaceBlackJack\InterfaceBlackJack\card\card7_3.png = ..\InterfaceBlackJack\InterfaceBlackJack\card\card7_3.png
		..\InterfaceBlackJack\InterfaceBlackJack\card\card8_0.png = ..\InterfaceBlackJack\InterfaceBlackJack\card\card8_0.png
		..\InterfaceBlackJack\InterfaceBlackJack\card\card8_1.png = ..\InterfaceBlackJack\InterfaceBlackJack\card\card8_1.png
		..\InterfaceBlackJack\InterfaceBlackJack\card\card8_2.png = ..\InterfaceBlackJack\InterfaceBlackJack\card\card8_2.png
		..\InterfaceBlackJack\InterfaceBlackJack\card\card8_3.png = ..\InterfaceBlackJack\InterfaceBlackJack\card\card8_3.png
		..\InterfaceBlackJack\InterfaceBlackJack\card\card9_0.png = ..\InterfaceBlackJack\InterfaceBlackJack\card\card9_0.png
		..\InterfaceBlackJack\InterfaceBlackJack\card\card9_1.png = ..\InterfaceBlackJack\InterfaceBlackJack\card\card9_1.png
		..\InterfaceBlackJack\InterfaceBlackJack\card\card9_2.png = ..\InterfaceBlackJack\InterfaceBlackJack\card\card9_2.png
		..\InterfaceBlackJack\InterfaceBlackJack\card\card9_3.png = ..\InterfaceBlackJack\InterfaceBlackJack\card\card9_3.png
	EndProjectSection
EndProject
Global
	GlobalSection(SolutionConfigurationPlatforms) = preSolution
		Debug|Any CPU = Debug|Any CPU
		Release|Any CPU = Release|Any CPU
	EndGlobalSection
	GlobalSection(ProjectConfigurationPlatforms) = postSolution
		{58E12B92-4D99-40E5-AF95-0E0C2C339EC6}.Debug|Any CPU.ActiveCfg = Debug|Any CPU
		{58E12B92-4D99-40E5-AF95-0E0C2C339EC6}.Debug|Any CPU.Build.0 = Debug|Any CPU
		{58E12B92-4D99-40E5-AF95-0E0C2C339EC6}.Release|Any CPU.ActiveCfg = Release|Any CPU
		{58E12B92-4D99-40E5-AF95-0E0C2C339EC6}.Release|Any CPU.Build.0 = Release|Any CPU
	EndGlobalSection
	GlobalSection(SolutionProperties) = preSolution
		HideSolutionNode = FALSE
	EndGlobalSection
EndGlobal
